
Microsoft Visual Studio Solution File, Format Version 12.00
Project("{FAE04EC0-301F-11D3-BF4B-00C04F79EFBC}") = "WordTester", "WordTester.csproj", "{442DF30E-CA89-4934-B5C6-308E30DC1D79}"
EndProject
Global
	GlobalSection(SolutionConfigurationPlatforms) = preSolution
		Debug|Any CPU = Debug|Any CPU
		Release|Any CPU = Release|Any CPU
	EndGlobalSection
	GlobalSection(ProjectConfigurationPlatforms) = postSolution
		{442DF30E-CA89-4934-B5C6-308E30DC1D79}.Debug|Any CPU.ActiveCfg = Debug|Any CPU
		{442DF30E-CA89-4934-B5C6-308E30DC1D79}.Debug|Any CPU.Build.0 = Debug|Any CPU
		{442DF30E-CA89-4934-B5C6-308E30DC1D79}.Release|Any CPU.ActiveCfg = Release|Any CPU
		{442DF30E-CA89-4934-B5C6-308E30DC1D79}.Release|Any CPU.Build.0 = Release|Any CPU
	EndGlobalSection
EndGlobal
